
Microsoft Visual Studio Solution File, Format Version 12.00
# Visual Studio Version 17
VisualStudioVersion = 17.8.34330.188
MinimumVisualStudioVersion = 10.0.40219.1
Project("{9A19103F-16F7-4668-BE54-9A1E7A4F7556}") = "BackupUtility.Console", "BackupUtility.Console\BackupUtility.Console.csproj", "{A0A0DF25-BE4F-41EC-8A46-E5EAE9FED6EE}"
EndProject
Project("{9A19103F-16F7-4668-BE54-9A1E7A4F7556}") = "Data", "Data\Data.csproj", "{1D656A7F-A1B0-4793-99F5-CA54C46DDD1F}"
EndProject
Project("{9A19103F-16F7-4668-BE54-9A1E7A4F7556}") = "BackupUtility.Wpf", "BackupUtility.Wpf\BackupUtility.Wpf.csproj", "{614693C8-6CB2-4A0B-AC66-112FFBA709AA}"
EndProject
Project("{9A19103F-16F7-4668-BE54-9A1E7A4F7556}") = "Data.IntegTest", "Data.IntegTest\Data.IntegTest.csproj", "{E9B8D21D-FF59-41C3-BE1C-E9D6488418AF}"
EndProject
Project("{9A19103F-16F7-4668-BE54-9A1E7A4F7556}") = "Services", "Services\Services.csproj", "{017B5E00-6063-4B2B-A363-37EEC8E2A8A8}"
EndProject
Project("{2150E333-8FDC-42A3-9474-1A3956D46DE8}") = "Solution Items", "Solution Items", "{107F5227-DAE7-416B-AC7B-8B889393933C}"
	ProjectSection(SolutionItems) = preProject
		.editorconfig = .editorconfig
		.gitignore = .gitignore
		Custom.ruleset = Custom.ruleset
		Directory.Build.props = Directory.Build.props
	EndProjectSection
EndProject
Project("{9A19103F-16F7-4668-BE54-9A1E7A4F7556}") = "_build", "Build\_build.csproj", "{7B4E74D3-852A-467B-96A9-22A834E7C990}"
EndProject
Project("{2150E333-8FDC-42A3-9474-1A3956D46DE8}") = ".github", ".github", "{2C18EE52-9722-4B2E-9C72-6EF0196F650C}"
EndProject
Project("{2150E333-8FDC-42A3-9474-1A3956D46DE8}") = "workflows", "workflows", "{FB560D6C-7BD4-47C1-8220-18BC4D1C9E48}"
	ProjectSection(SolutionItems) = preProject
		.github\workflows\build.yml = .github\workflows\build.yml
	EndProjectSection
EndProject
Project("{B7DD6F7E-DEF8-4E67-B5B7-07EF123DB6F0}") = "BackupUtility.Installer", "BackupUtility.Installer\BackupUtility.Installer.wixproj", "{FF2EF830-ED00-4CF9-9D7A-F6741681871C}"
EndProject
Global
	GlobalSection(SolutionConfigurationPlatforms) = preSolution
		Debug|Any CPU = Debug|Any CPU
		Release|Any CPU = Release|Any CPU
	EndGlobalSection
	GlobalSection(ProjectConfigurationPlatforms) = postSolution
		{A0A0DF25-BE4F-41EC-8A46-E5EAE9FED6EE}.Debug|Any CPU.ActiveCfg = Debug|Any CPU
		{A0A0DF25-BE4F-41EC-8A46-E5EAE9FED6EE}.Debug|Any CPU.Build.0 = Debug|Any CPU
		{A0A0DF25-BE4F-41EC-8A46-E5EAE9FED6EE}.Release|Any CPU.ActiveCfg = Release|Any CPU
		{A0A0DF25-BE4F-41EC-8A46-E5EAE9FED6EE}.Release|Any CPU.Build.0 = Release|Any CPU
		{1D656A7F-A1B0-4793-99F5-CA54C46DDD1F}.Debug|Any CPU.ActiveCfg = Debug|Any CPU
		{1D656A7F-A1B0-4793-99F5-CA54C46DDD1F}.Debug|Any CPU.Build.0 = Debug|Any CPU
		{1D656A7F-A1B0-4793-99F5-CA54C46DDD1F}.Release|Any CPU.ActiveCfg = Release|Any CPU
		{1D656A7F-A1B0-4793-99F5-CA54C46DDD1F}.Release|Any CPU.Build.0 = Release|Any CPU
		{614693C8-6CB2-4A0B-AC66-112FFBA709AA}.Debug|Any CPU.ActiveCfg = Debug|Any CPU
		{614693C8-6CB2-4A0B-AC66-112FFBA709AA}.Debug|Any CPU.Build.0 = Debug|Any CPU
		{614693C8-6CB2-4A0B-AC66-112FFBA709AA}.Release|Any CPU.ActiveCfg = Release|Any CPU
		{614693C8-6CB2-4A0B-AC66-112FFBA709AA}.Release|Any CPU.Build.0 = Release|Any CPU
		{E9B8D21D-FF59-41C3-BE1C-E9D6488418AF}.Debug|Any CPU.ActiveCfg = Debug|Any CPU
		{E9B8D21D-FF59-41C3-BE1C-E9D6488418AF}.Debug|Any CPU.Build.0 = Debug|Any CPU
		{E9B8D21D-FF59-41C3-BE1C-E9D6488418AF}.Release|Any CPU.ActiveCfg = Release|Any CPU
		{E9B8D21D-FF59-41C3-BE1C-E9D6488418AF}.Release|Any CPU.Build.0 = Release|Any CPU
		{017B5E00-6063-4B2B-A363-37EEC8E2A8A8}.Debug|Any CPU.ActiveCfg = Debug|Any CPU
		{017B5E00-6063-4B2B-A363-37EEC8E2A8A8}.Debug|Any CPU.Build.0 = Debug|Any CPU
		{017B5E00-6063-4B2B-A363-37EEC8E2A8A8}.Release|Any CPU.ActiveCfg = Release|Any CPU
		{017B5E00-6063-4B2B-A363-37EEC8E2A8A8}.Release|Any CPU.Build.0 = Release|Any CPU
		{7B4E74D3-852A-467B-96A9-22A834E7C990}.Debug|Any CPU.ActiveCfg = Debug|Any CPU
		{7B4E74D3-852A-467B-96A9-22A834E7C990}.Release|Any CPU.ActiveCfg = Release|Any CPU
		{FF2EF830-ED00-4CF9-9D7A-F6741681871C}.Debug|Any CPU.ActiveCfg = Debug|x64
		{FF2EF830-ED00-4CF9-9D7A-F6741681871C}.Release|Any CPU.ActiveCfg = Release|x64
	EndGlobalSection
	GlobalSection(SolutionProperties) = preSolution
		HideSolutionNode = FALSE
	EndGlobalSection
	GlobalSection(NestedProjects) = preSolution
		{2C18EE52-9722-4B2E-9C72-6EF0196F650C} = {107F5227-DAE7-416B-AC7B-8B889393933C}
		{FB560D6C-7BD4-47C1-8220-18BC4D1C9E48} = {2C18EE52-9722-4B2E-9C72-6EF0196F650C}
	EndGlobalSection
	GlobalSection(ExtensibilityGlobals) = postSolution
		SolutionGuid = {FFD09E24-21F7-4316-8EBB-CA47680B54F8}
	EndGlobalSection
EndGlobal
